// !$*UTF8*$!
{
	archiveVersion = 1;
	classes = {
	};
	objectVersion = 56;
	objects = {

/* Begin PBXBuildFile section */
		D720880C2B06C9DC00618739 /* NavView.swift in Sources */ = {isa = PBXBuildFile; fileRef = D720880B2B06C9DC00618739 /* NavView.swift */; };
		D720880E2B06C9F300618739 /* FilterView.swift in Sources */ = {isa = PBXBuildFile; fileRef = D720880D2B06C9F300618739 /* FilterView.swift */; };
		D72088102B06CA0300618739 /* MapView.swift in Sources */ = {isa = PBXBuildFile; fileRef = D720880F2B06CA0300618739 /* MapView.swift */; };
		D72088132B06CA4A00618739 /* FilterViewModel.swift in Sources */ = {isa = PBXBuildFile; fileRef = D72088122B06CA4A00618739 /* FilterViewModel.swift */; };
		D72088152B06CA5F00618739 /* MapViewModel.swift in Sources */ = {isa = PBXBuildFile; fileRef = D72088142B06CA5F00618739 /* MapViewModel.swift */; };
		D727EF372AF4536600A21EDF /* RestaurantViewModel.swift in Sources */ = {isa = PBXBuildFile; fileRef = D727EF362AF4536600A21EDF /* RestaurantViewModel.swift */; };
		D727EF392AF453B200A21EDF /* RestaurantDetailView.swift in Sources */ = {isa = PBXBuildFile; fileRef = D727EF382AF453B200A21EDF /* RestaurantDetailView.swift */; };
		D727EF3B2AF453C400A21EDF /* RestaurantService.swift in Sources */ = {isa = PBXBuildFile; fileRef = D727EF3A2AF453C400A21EDF /* RestaurantService.swift */; };
		D727EF3D2AF4540400A21EDF /* Restaurants.swift in Sources */ = {isa = PBXBuildFile; fileRef = D727EF3C2AF4540400A21EDF /* Restaurants.swift */; };
		D727EF422AF456E700A21EDF /* RestaurantView.swift in Sources */ = {isa = PBXBuildFile; fileRef = D727EF412AF456E700A21EDF /* RestaurantView.swift */; };
		D761A8E62AEF6DDB00968955 /* Bite_SwipeApp.swift in Sources */ = {isa = PBXBuildFile; fileRef = D761A8E52AEF6DDB00968955 /* Bite_SwipeApp.swift */; };
		D761A8EA2AEF6DDE00968955 /* Assets.xcassets in Resources */ = {isa = PBXBuildFile; fileRef = D761A8E92AEF6DDE00968955 /* Assets.xcassets */; };
		D761A8EE2AEF6DDE00968955 /* Preview Assets.xcassets in Resources */ = {isa = PBXBuildFile; fileRef = D761A8ED2AEF6DDE00968955 /* Preview Assets.xcassets */; };
		D761A8F82AEF6DDE00968955 /* Bite_SwipeTests.swift in Sources */ = {isa = PBXBuildFile; fileRef = D761A8F72AEF6DDE00968955 /* Bite_SwipeTests.swift */; };
		D761A9022AEF6DDE00968955 /* Bite_SwipeUITests.swift in Sources */ = {isa = PBXBuildFile; fileRef = D761A9012AEF6DDE00968955 /* Bite_SwipeUITests.swift */; };
		D761A9042AEF6DDE00968955 /* Bite_SwipeUITestsLaunchTests.swift in Sources */ = {isa = PBXBuildFile; fileRef = D761A9032AEF6DDE00968955 /* Bite_SwipeUITestsLaunchTests.swift */; };
		D7F7030E2AFB4D9700128EFD /* URLImage in Frameworks */ = {isa = PBXBuildFile; productRef = D7F7030D2AFB4D9700128EFD /* URLImage */; };
		D7F703102AFB4D9700128EFD /* URLImageStore in Frameworks */ = {isa = PBXBuildFile; productRef = D7F7030F2AFB4D9700128EFD /* URLImageStore */; };
/* End PBXBuildFile section */

/* Begin PBXContainerItemProxy section */
		D761A8F42AEF6DDE00968955 /* PBXContainerItemProxy */ = {
			isa = PBXContainerItemProxy;
			containerPortal = D761A8DA2AEF6DDA00968955 /* Project object */;
			proxyType = 1;
			remoteGlobalIDString = D761A8E12AEF6DDA00968955;
			remoteInfo = "Bite Swipe";
		};
		D761A8FE2AEF6DDE00968955 /* PBXContainerItemProxy */ = {
			isa = PBXContainerItemProxy;
			containerPortal = D761A8DA2AEF6DDA00968955 /* Project object */;
			proxyType = 1;
			remoteGlobalIDString = D761A8E12AEF6DDA00968955;
			remoteInfo = "Bite Swipe";
		};
/* End PBXContainerItemProxy section */

/* Begin PBXFileReference section */
		D720880B2B06C9DC00618739 /* NavView.swift */ = {isa = PBXFileReference; lastKnownFileType = sourcecode.swift; path = NavView.swift; sourceTree = "<group>"; };
		D720880D2B06C9F300618739 /* FilterView.swift */ = {isa = PBXFileReference; lastKnownFileType = sourcecode.swift; path = FilterView.swift; sourceTree = "<group>"; };
		D720880F2B06CA0300618739 /* MapView.swift */ = {isa = PBXFileReference; lastKnownFileType = sourcecode.swift; path = MapView.swift; sourceTree = "<group>"; };
		D72088122B06CA4A00618739 /* FilterViewModel.swift */ = {isa = PBXFileReference; lastKnownFileType = sourcecode.swift; path = FilterViewModel.swift; sourceTree = "<group>"; };
		D72088142B06CA5F00618739 /* MapViewModel.swift */ = {isa = PBXFileReference; lastKnownFileType = sourcecode.swift; path = MapViewModel.swift; sourceTree = "<group>"; };
		D727EF362AF4536600A21EDF /* RestaurantViewModel.swift */ = {isa = PBXFileReference; lastKnownFileType = sourcecode.swift; path = RestaurantViewModel.swift; sourceTree = "<group>"; };
		D727EF382AF453B200A21EDF /* RestaurantDetailView.swift */ = {isa = PBXFileReference; lastKnownFileType = sourcecode.swift; path = RestaurantDetailView.swift; sourceTree = "<group>"; };
		D727EF3A2AF453C400A21EDF /* RestaurantService.swift */ = {isa = PBXFileReference; lastKnownFileType = sourcecode.swift; path = RestaurantService.swift; sourceTree = "<group>"; };
		D727EF3C2AF4540400A21EDF /* Restaurants.swift */ = {isa = PBXFileReference; lastKnownFileType = sourcecode.swift; path = Restaurants.swift; sourceTree = "<group>"; };
		D727EF412AF456E700A21EDF /* RestaurantView.swift */ = {isa = PBXFileReference; lastKnownFileType = sourcecode.swift; path = RestaurantView.swift; sourceTree = "<group>"; };
		D761A8E22AEF6DDA00968955 /* Bite Swipe.app */ = {isa = PBXFileReference; explicitFileType = wrapper.application; includeInIndex = 0; path = "Bite Swipe.app"; sourceTree = BUILT_PRODUCTS_DIR; };
		D761A8E52AEF6DDB00968955 /* Bite_SwipeApp.swift */ = {isa = PBXFileReference; lastKnownFileType = sourcecode.swift; path = Bite_SwipeApp.swift; sourceTree = "<group>"; };
		D761A8E92AEF6DDE00968955 /* Assets.xcassets */ = {isa = PBXFileReference; lastKnownFileType = folder.assetcatalog; path = Assets.xcassets; sourceTree = "<group>"; };
		D761A8EB2AEF6DDE00968955 /* Bite_Swipe.entitlements */ = {isa = PBXFileReference; lastKnownFileType = text.plist.entitlements; path = Bite_Swipe.entitlements; sourceTree = "<group>"; };
		D761A8ED2AEF6DDE00968955 /* Preview Assets.xcassets */ = {isa = PBXFileReference; lastKnownFileType = folder.assetcatalog; path = "Preview Assets.xcassets"; sourceTree = "<group>"; };
		D761A8F32AEF6DDE00968955 /* Bite SwipeTests.xctest */ = {isa = PBXFileReference; explicitFileType = wrapper.cfbundle; includeInIndex = 0; path = "Bite SwipeTests.xctest"; sourceTree = BUILT_PRODUCTS_DIR; };
		D761A8F72AEF6DDE00968955 /* Bite_SwipeTests.swift */ = {isa = PBXFileReference; lastKnownFileType = sourcecode.swift; path = Bite_SwipeTests.swift; sourceTree = "<group>"; };
		D761A8FD2AEF6DDE00968955 /* Bite SwipeUITests.xctest */ = {isa = PBXFileReference; explicitFileType = wrapper.cfbundle; includeInIndex = 0; path = "Bite SwipeUITests.xctest"; sourceTree = BUILT_PRODUCTS_DIR; };
		D761A9012AEF6DDE00968955 /* Bite_SwipeUITests.swift */ = {isa = PBXFileReference; lastKnownFileType = sourcecode.swift; path = Bite_SwipeUITests.swift; sourceTree = "<group>"; };
		D761A9032AEF6DDE00968955 /* Bite_SwipeUITestsLaunchTests.swift */ = {isa = PBXFileReference; lastKnownFileType = sourcecode.swift; path = Bite_SwipeUITestsLaunchTests.swift; sourceTree = "<group>"; };
/* End PBXFileReference section */

/* Begin PBXFrameworksBuildPhase section */
		D761A8DF2AEF6DDA00968955 /* Frameworks */ = {
			isa = PBXFrameworksBuildPhase;
			buildActionMask = 2147483647;
			files = (
				D7F703102AFB4D9700128EFD /* URLImageStore in Frameworks */,
				D7F7030E2AFB4D9700128EFD /* URLImage in Frameworks */,
			);
			runOnlyForDeploymentPostprocessing = 0;
		};
		D761A8F02AEF6DDE00968955 /* Frameworks */ = {
			isa = PBXFrameworksBuildPhase;
			buildActionMask = 2147483647;
			files = (
			);
			runOnlyForDeploymentPostprocessing = 0;
		};
		D761A8FA2AEF6DDE00968955 /* Frameworks */ = {
			isa = PBXFrameworksBuildPhase;
			buildActionMask = 2147483647;
			files = (
			);
			runOnlyForDeploymentPostprocessing = 0;
		};
/* End PBXFrameworksBuildPhase section */

/* Begin PBXGroup section */
		D72088112B06CA1500618739 /* View */ = {
			isa = PBXGroup;
			children = (
				D720880B2B06C9DC00618739 /* NavView.swift */,
				D727EF412AF456E700A21EDF /* RestaurantView.swift */,
				D720880D2B06C9F300618739 /* FilterView.swift */,
				D720880F2B06CA0300618739 /* MapView.swift */,
			);
			path = View;
			sourceTree = "<group>";
		};
		D727EF3E2AF454A200A21EDF /* Model */ = {
			isa = PBXGroup;
			children = (
				D727EF3C2AF4540400A21EDF /* Restaurants.swift */,
			);
			path = Model;
			sourceTree = "<group>";
		};
		D727EF3F2AF454E700A21EDF /* View Model */ = {
			isa = PBXGroup;
			children = (
				D727EF362AF4536600A21EDF /* RestaurantViewModel.swift */,
				D72088122B06CA4A00618739 /* FilterViewModel.swift */,
				D72088142B06CA5F00618739 /* MapViewModel.swift */,
			);
			path = "View Model";
			sourceTree = "<group>";
		};
		D761A8D92AEF6DDA00968955 = {
			isa = PBXGroup;
			children = (
				D761A8E42AEF6DDA00968955 /* Bite Swipe */,
				D761A8F62AEF6DDE00968955 /* Bite SwipeTests */,
				D761A9002AEF6DDE00968955 /* Bite SwipeUITests */,
				D761A8E32AEF6DDA00968955 /* Products */,
			);
			sourceTree = "<group>";
		};
		D761A8E32AEF6DDA00968955 /* Products */ = {
			isa = PBXGroup;
			children = (
				D761A8E22AEF6DDA00968955 /* Bite Swipe.app */,
				D761A8F32AEF6DDE00968955 /* Bite SwipeTests.xctest */,
				D761A8FD2AEF6DDE00968955 /* Bite SwipeUITests.xctest */,
			);
			name = Products;
			sourceTree = "<group>";
		};
		D761A8E42AEF6DDA00968955 /* Bite Swipe */ = {
			isa = PBXGroup;
			children = (
				D761A8E52AEF6DDB00968955 /* Bite_SwipeApp.swift */,
				D727EF3F2AF454E700A21EDF /* View Model */,
				D727EF382AF453B200A21EDF /* RestaurantDetailView.swift */,
				D727EF3A2AF453C400A21EDF /* RestaurantService.swift */,
				D72088112B06CA1500618739 /* View */,
				D727EF3E2AF454A200A21EDF /* Model */,
				D761A8E92AEF6DDE00968955 /* Assets.xcassets */,
				D761A8EB2AEF6DDE00968955 /* Bite_Swipe.entitlements */,
				D761A8EC2AEF6DDE00968955 /* Preview Content */,
			);
			path = "Bite Swipe";
			sourceTree = "<group>";
		};
		D761A8EC2AEF6DDE00968955 /* Preview Content */ = {
			isa = PBXGroup;
			children = (
				D761A8ED2AEF6DDE00968955 /* Preview Assets.xcassets */,
			);
			path = "Preview Content";
			sourceTree = "<group>";
		};
		D761A8F62AEF6DDE00968955 /* Bite SwipeTests */ = {
			isa = PBXGroup;
			children = (
				D761A8F72AEF6DDE00968955 /* Bite_SwipeTests.swift */,
			);
			path = "Bite SwipeTests";
			sourceTree = "<group>";
		};
		D761A9002AEF6DDE00968955 /* Bite SwipeUITests */ = {
			isa = PBXGroup;
			children = (
				D761A9012AEF6DDE00968955 /* Bite_SwipeUITests.swift */,
				D761A9032AEF6DDE00968955 /* Bite_SwipeUITestsLaunchTests.swift */,
			);
			path = "Bite SwipeUITests";
			sourceTree = "<group>";
		};
/* End PBXGroup section */

/* Begin PBXNativeTarget section */
		D761A8E12AEF6DDA00968955 /* Bite Swipe */ = {
			isa = PBXNativeTarget;
			buildConfigurationList = D761A9072AEF6DDE00968955 /* Build configuration list for PBXNativeTarget "Bite Swipe" */;
			buildPhases = (
				D761A8DE2AEF6DDA00968955 /* Sources */,
				D761A8DF2AEF6DDA00968955 /* Frameworks */,
				D761A8E02AEF6DDA00968955 /* Resources */,
			);
			buildRules = (
			);
			dependencies = (
			);
			name = "Bite Swipe";
			packageProductDependencies = (
				D7F7030D2AFB4D9700128EFD /* URLImage */,
				D7F7030F2AFB4D9700128EFD /* URLImageStore */,
			);
			productName = "Bite Swipe";
			productReference = D761A8E22AEF6DDA00968955 /* Bite Swipe.app */;
			productType = "com.apple.product-type.application";
		};
		D761A8F22AEF6DDE00968955 /* Bite SwipeTests */ = {
			isa = PBXNativeTarget;
			buildConfigurationList = D761A90A2AEF6DDE00968955 /* Build configuration list for PBXNativeTarget "Bite SwipeTests" */;
			buildPhases = (
				D761A8EF2AEF6DDE00968955 /* Sources */,
				D761A8F02AEF6DDE00968955 /* Frameworks */,
				D761A8F12AEF6DDE00968955 /* Resources */,
			);
			buildRules = (
			);
			dependencies = (
				D761A8F52AEF6DDE00968955 /* PBXTargetDependency */,
			);
			name = "Bite SwipeTests";
			productName = "Bite SwipeTests";
			productReference = D761A8F32AEF6DDE00968955 /* Bite SwipeTests.xctest */;
			productType = "com.apple.product-type.bundle.unit-test";
		};
		D761A8FC2AEF6DDE00968955 /* Bite SwipeUITests */ = {
			isa = PBXNativeTarget;
			buildConfigurationList = D761A90D2AEF6DDE00968955 /* Build configuration list for PBXNativeTarget "Bite SwipeUITests" */;
			buildPhases = (
				D761A8F92AEF6DDE00968955 /* Sources */,
				D761A8FA2AEF6DDE00968955 /* Frameworks */,
				D761A8FB2AEF6DDE00968955 /* Resources */,
			);
			buildRules = (
			);
			dependencies = (
				D761A8FF2AEF6DDE00968955 /* PBXTargetDependency */,
			);
			name = "Bite SwipeUITests";
			productName = "Bite SwipeUITests";
			productReference = D761A8FD2AEF6DDE00968955 /* Bite SwipeUITests.xctest */;
			productType = "com.apple.product-type.bundle.ui-testing";
		};
/* End PBXNativeTarget section */

/* Begin PBXProject section */
		D761A8DA2AEF6DDA00968955 /* Project object */ = {
			isa = PBXProject;
			attributes = {
				BuildIndependentTargetsInParallel = 1;
				LastSwiftUpdateCheck = 1500;
				LastUpgradeCheck = 1500;
				TargetAttributes = {
					D761A8E12AEF6DDA00968955 = {
						CreatedOnToolsVersion = 15.0.1;
					};
					D761A8F22AEF6DDE00968955 = {
						CreatedOnToolsVersion = 15.0.1;
						TestTargetID = D761A8E12AEF6DDA00968955;
					};
					D761A8FC2AEF6DDE00968955 = {
						CreatedOnToolsVersion = 15.0.1;
						TestTargetID = D761A8E12AEF6DDA00968955;
					};
				};
			};
			buildConfigurationList = D761A8DD2AEF6DDA00968955 /* Build configuration list for PBXProject "Bite Swipe" */;
			compatibilityVersion = "Xcode 14.0";
			developmentRegion = en;
			hasScannedForEncodings = 0;
			knownRegions = (
				en,
				Base,
			);
			mainGroup = D761A8D92AEF6DDA00968955;
			packageReferences = (
				D7F7030C2AFB4C3600128EFD /* XCRemoteSwiftPackageReference "url-image" */,
			);
			productRefGroup = D761A8E32AEF6DDA00968955 /* Products */;
			projectDirPath = "";
			projectRoot = "";
			targets = (
				D761A8E12AEF6DDA00968955 /* Bite Swipe */,
				D761A8F22AEF6DDE00968955 /* Bite SwipeTests */,
				D761A8FC2AEF6DDE00968955 /* Bite SwipeUITests */,
			);
		};
/* End PBXProject section */

/* Begin PBXResourcesBuildPhase section */
		D761A8E02AEF6DDA00968955 /* Resources */ = {
			isa = PBXResourcesBuildPhase;
			buildActionMask = 2147483647;
			files = (
				D761A8EE2AEF6DDE00968955 /* Preview Assets.xcassets in Resources */,
				D761A8EA2AEF6DDE00968955 /* Assets.xcassets in Resources */,
			);
			runOnlyForDeploymentPostprocessing = 0;
		};
		D761A8F12AEF6DDE00968955 /* Resources */ = {
			isa = PBXResourcesBuildPhase;
			buildActionMask = 2147483647;
			files = (
			);
			runOnlyForDeploymentPostprocessing = 0;
		};
		D761A8FB2AEF6DDE00968955 /* Resources */ = {
			isa = PBXResourcesBuildPhase;
			buildActionMask = 2147483647;
			files = (
			);
			runOnlyForDeploymentPostprocessing = 0;
		};
/* End PBXResourcesBuildPhase section */

/* Begin PBXSourcesBuildPhase section */
		D761A8DE2AEF6DDA00968955 /* Sources */ = {
			isa = PBXSourcesBuildPhase;
			buildActionMask = 2147483647;
			files = (
				D727EF392AF453B200A21EDF /* RestaurantDetailView.swift in Sources */,
				D727EF372AF4536600A21EDF /* RestaurantViewModel.swift in Sources */,
				D72088102B06CA0300618739 /* MapView.swift in Sources */,
				D72088152B06CA5F00618739 /* MapViewModel.swift in Sources */,
				D727EF422AF456E700A21EDF /* RestaurantView.swift in Sources */,
				D727EF3B2AF453C400A21EDF /* RestaurantService.swift in Sources */,
				D720880C2B06C9DC00618739 /* NavView.swift in Sources */,
				D761A8E62AEF6DDB00968955 /* Bite_SwipeApp.swift in Sources */,
				D720880E2B06C9F300618739 /* FilterView.swift in Sources */,
				D72088132B06CA4A00618739 /* FilterViewModel.swift in Sources */,
				D727EF3D2AF4540400A21EDF /* Restaurants.swift in Sources */,
			);
			runOnlyForDeploymentPostprocessing = 0;
		};
		D761A8EF2AEF6DDE00968955 /* Sources */ = {
			isa = PBXSourcesBuildPhase;
			buildActionMask = 2147483647;
			files = (
				D761A8F82AEF6DDE00968955 /* Bite_SwipeTests.swift in Sources */,
			);
			runOnlyForDeploymentPostprocessing = 0;
		};
		D761A8F92AEF6DDE00968955 /* Sources */ = {
			isa = PBXSourcesBuildPhase;
			buildActionMask = 2147483647;
			files = (
				D761A9022AEF6DDE00968955 /* Bite_SwipeUITests.swift in Sources */,
				D761A9042AEF6DDE00968955 /* Bite_SwipeUITestsLaunchTests.swift in Sources */,
			);
			runOnlyForDeploymentPostprocessing = 0;
		};
/* End PBXSourcesBuildPhase section */

/* Begin PBXTargetDependency section */
		D761A8F52AEF6DDE00968955 /* PBXTargetDependency */ = {
			isa = PBXTargetDependency;
			target = D761A8E12AEF6DDA00968955 /* Bite Swipe */;
			targetProxy = D761A8F42AEF6DDE00968955 /* PBXContainerItemProxy */;
		};
		D761A8FF2AEF6DDE00968955 /* PBXTargetDependency */ = {
			isa = PBXTargetDependency;
			target = D761A8E12AEF6DDA00968955 /* Bite Swipe */;
			targetProxy = D761A8FE2AEF6DDE00968955 /* PBXContainerItemProxy */;
		};
/* End PBXTargetDependency section */

/* Begin XCBuildConfiguration section */
		D761A9052AEF6DDE00968955 /* Debug */ = {
			isa = XCBuildConfiguration;
			buildSettings = {
				ALWAYS_SEARCH_USER_PATHS = NO;
				ASSETCATALOG_COMPILER_GENERATE_SWIFT_ASSET_SYMBOL_EXTENSIONS = YES;
				CLANG_ANALYZER_NONNULL = YES;
				CLANG_ANALYZER_NUMBER_OBJECT_CONVERSION = YES_AGGRESSIVE;
				CLANG_CXX_LANGUAGE_STANDARD = "gnu++20";
				CLANG_ENABLE_MODULES = YES;
				CLANG_ENABLE_OBJC_ARC = YES;
				CLANG_ENABLE_OBJC_WEAK = YES;
				CLANG_WARN_BLOCK_CAPTURE_AUTORELEASING = YES;
				CLANG_WARN_BOOL_CONVERSION = YES;
				CLANG_WARN_COMMA = YES;
				CLANG_WARN_CONSTANT_CONVERSION = YES;
				CLANG_WARN_DEPRECATED_OBJC_IMPLEMENTATIONS = YES;
				CLANG_WARN_DIRECT_OBJC_ISA_USAGE = YES_ERROR;
				CLANG_WARN_DOCUMENTATION_COMMENTS = YES;
				CLANG_WARN_EMPTY_BODY = YES;
				CLANG_WARN_ENUM_CONVERSION = YES;
				CLANG_WARN_INFINITE_RECURSION = YES;
				CLANG_WARN_INT_CONVERSION = YES;
				CLANG_WARN_NON_LITERAL_NULL_CONVERSION = YES;
				CLANG_WARN_OBJC_IMPLICIT_RETAIN_SELF = YES;
				CLANG_WARN_OBJC_LITERAL_CONVERSION = YES;
				CLANG_WARN_OBJC_ROOT_CLASS = YES_ERROR;
				CLANG_WARN_QUOTED_INCLUDE_IN_FRAMEWORK_HEADER = YES;
				CLANG_WARN_RANGE_LOOP_ANALYSIS = YES;
				CLANG_WARN_STRICT_PROTOTYPES = YES;
				CLANG_WARN_SUSPICIOUS_MOVE = YES;
				CLANG_WARN_UNGUARDED_AVAILABILITY = YES_AGGRESSIVE;
				CLANG_WARN_UNREACHABLE_CODE = YES;
				CLANG_WARN__DUPLICATE_METHOD_MATCH = YES;
				COPY_PHASE_STRIP = NO;
				DEBUG_INFORMATION_FORMAT = dwarf;
				ENABLE_STRICT_OBJC_MSGSEND = YES;
				ENABLE_TESTABILITY = YES;
				ENABLE_USER_SCRIPT_SANDBOXING = YES;
				GCC_C_LANGUAGE_STANDARD = gnu17;
				GCC_DYNAMIC_NO_PIC = NO;
				GCC_NO_COMMON_BLOCKS = YES;
				GCC_OPTIMIZATION_LEVEL = 0;
				GCC_PREPROCESSOR_DEFINITIONS = (
					"DEBUG=1",
					"$(inherited)",
				);
				GCC_WARN_64_TO_32_BIT_CONVERSION = YES;
				GCC_WARN_ABOUT_RETURN_TYPE = YES_ERROR;
				GCC_WARN_UNDECLARED_SELECTOR = YES;
				GCC_WARN_UNINITIALIZED_AUTOS = YES_AGGRESSIVE;
				GCC_WARN_UNUSED_FUNCTION = YES;
				GCC_WARN_UNUSED_VARIABLE = YES;
				LOCALIZATION_PREFERS_STRING_CATALOGS = YES;
				MTL_ENABLE_DEBUG_INFO = INCLUDE_SOURCE;
				MTL_FAST_MATH = YES;
				ONLY_ACTIVE_ARCH = YES;
				SWIFT_ACTIVE_COMPILATION_CONDITIONS = "DEBUG $(inherited)";
				SWIFT_OPTIMIZATION_LEVEL = "-Onone";
			};
			name = Debug;
		};
		D761A9062AEF6DDE00968955 /* Release */ = {
			isa = XCBuildConfiguration;
			buildSettings = {
				ALWAYS_SEARCH_USER_PATHS = NO;
				ASSETCATALOG_COMPILER_GENERATE_SWIFT_ASSET_SYMBOL_EXTENSIONS = YES;
				CLANG_ANALYZER_NONNULL = YES;
				CLANG_ANALYZER_NUMBER_OBJECT_CONVERSION = YES_AGGRESSIVE;
				CLANG_CXX_LANGUAGE_STANDARD = "gnu++20";
				CLANG_ENABLE_MODULES = YES;
				CLANG_ENABLE_OBJC_ARC = YES;
				CLANG_ENABLE_OBJC_WEAK = YES;
				CLANG_WARN_BLOCK_CAPTURE_AUTORELEASING = YES;
				CLANG_WARN_BOOL_CONVERSION = YES;
				CLANG_WARN_COMMA = YES;
				CLANG_WARN_CONSTANT_CONVERSION = YES;
				CLANG_WARN_DEPRECATED_OBJC_IMPLEMENTATIONS = YES;
				CLANG_WARN_DIRECT_OBJC_ISA_USAGE = YES_ERROR;
				CLANG_WARN_DOCUMENTATION_COMMENTS = YES;
				CLANG_WARN_EMPTY_BODY = YES;
				CLANG_WARN_ENUM_CONVERSION = YES;
				CLANG_WARN_INFINITE_RECURSION = YES;
				CLANG_WARN_INT_CONVERSION = YES;
				CLANG_WARN_NON_LITERAL_NULL_CONVERSION = YES;
				CLANG_WARN_OBJC_IMPLICIT_RETAIN_SELF = YES;
				CLANG_WARN_OBJC_LITERAL_CONVERSION = YES;
				CLANG_WARN_OBJC_ROOT_CLASS = YES_ERROR;
				CLANG_WARN_QUOTED_INCLUDE_IN_FRAMEWORK_HEADER = YES;
				CLANG_WARN_RANGE_LOOP_ANALYSIS = YES;
				CLANG_WARN_STRICT_PROTOTYPES = YES;
				CLANG_WARN_SUSPICIOUS_MOVE = YES;
				CLANG_WARN_UNGUARDED_AVAILABILITY = YES_AGGRESSIVE;
				CLANG_WARN_UNREACHABLE_CODE = YES;
				CLANG_WARN__DUPLICATE_METHOD_MATCH = YES;
				COPY_PHASE_STRIP = NO;
				DEBUG_INFORMATION_FORMAT = "dwarf-with-dsym";
				ENABLE_NS_ASSERTIONS = NO;
				ENABLE_STRICT_OBJC_MSGSEND = YES;
				ENABLE_USER_SCRIPT_SANDBOXING = YES;
				GCC_C_LANGUAGE_STANDARD = gnu17;
				GCC_NO_COMMON_BLOCKS = YES;
				GCC_WARN_64_TO_32_BIT_CONVERSION = YES;
				GCC_WARN_ABOUT_RETURN_TYPE = YES_ERROR;
				GCC_WARN_UNDECLARED_SELECTOR = YES;
				GCC_WARN_UNINITIALIZED_AUTOS = YES_AGGRESSIVE;
				GCC_WARN_UNUSED_FUNCTION = YES;
				GCC_WARN_UNUSED_VARIABLE = YES;
				LOCALIZATION_PREFERS_STRING_CATALOGS = YES;
				MTL_ENABLE_DEBUG_INFO = NO;
				MTL_FAST_MATH = YES;
				SWIFT_COMPILATION_MODE = wholemodule;
			};
			name = Release;
		};
		D761A9082AEF6DDE00968955 /* Debug */ = {
			isa = XCBuildConfiguration;
			buildSettings = {
				ASSETCATALOG_COMPILER_APPICON_NAME = AppIcon;
				ASSETCATALOG_COMPILER_GLOBAL_ACCENT_COLOR_NAME = AccentColor;
				CODE_SIGN_ENTITLEMENTS = "Bite Swipe/Bite_Swipe.entitlements";
				CODE_SIGN_STYLE = Automatic;
				CURRENT_PROJECT_VERSION = 1;
				DEVELOPMENT_ASSET_PATHS = "\"Bite Swipe/Preview Content\"";
				DEVELOPMENT_TEAM = D45A4RM4GX;
				ENABLE_HARDENED_RUNTIME = YES;
				ENABLE_PREVIEWS = YES;
				GENERATE_INFOPLIST_FILE = YES;
				"INFOPLIST_KEY_UIApplicationSceneManifest_Generation[sdk=iphoneos*]" = YES;
				"INFOPLIST_KEY_UIApplicationSceneManifest_Generation[sdk=iphonesimulator*]" = YES;
				"INFOPLIST_KEY_UIApplicationSupportsIndirectInputEvents[sdk=iphoneos*]" = YES;
				"INFOPLIST_KEY_UIApplicationSupportsIndirectInputEvents[sdk=iphonesimulator*]" = YES;
				"INFOPLIST_KEY_UILaunchScreen_Generation[sdk=iphoneos*]" = YES;
				"INFOPLIST_KEY_UILaunchScreen_Generation[sdk=iphonesimulator*]" = YES;
				"INFOPLIST_KEY_UIStatusBarStyle[sdk=iphoneos*]" = UIStatusBarStyleDefault;
				"INFOPLIST_KEY_UIStatusBarStyle[sdk=iphonesimulator*]" = UIStatusBarStyleDefault;
				INFOPLIST_KEY_UISupportedInterfaceOrientations_iPad = "UIInterfaceOrientationPortrait UIInterfaceOrientationPortraitUpsideDown UIInterfaceOrientationLandscapeLeft UIInterfaceOrientationLandscapeRight";
				INFOPLIST_KEY_UISupportedInterfaceOrientations_iPhone = "UIInterfaceOrientationPortrait UIInterfaceOrientationLandscapeLeft UIInterfaceOrientationLandscapeRight";
				IPHONEOS_DEPLOYMENT_TARGET = 17.0;
				LD_RUNPATH_SEARCH_PATHS = "@executable_path/Frameworks";
				"LD_RUNPATH_SEARCH_PATHS[sdk=macosx*]" = "@executable_path/../Frameworks";
				MACOSX_DEPLOYMENT_TARGET = 14.0;
				MARKETING_VERSION = 1.0;
				PRODUCT_BUNDLE_IDENTIFIER = "com.ianrowland.Bite-Swipe";
				PRODUCT_NAME = "$(TARGET_NAME)";
				SDKROOT = auto;
				SUPPORTED_PLATFORMS = "iphoneos iphonesimulator macosx";
				SWIFT_EMIT_LOC_STRINGS = YES;
				SWIFT_VERSION = 5.0;
				TARGETED_DEVICE_FAMILY = "1,2";
			};
			name = Debug;
		};
		D761A9092AEF6DDE00968955 /* Release */ = {
			isa = XCBuildConfiguration;
			buildSettings = {
				ASSETCATALOG_COMPILER_APPICON_NAME = AppIcon;
				ASSETCATALOG_COMPILER_GLOBAL_ACCENT_COLOR_NAME = AccentColor;
				CODE_SIGN_ENTITLEMENTS = "Bite Swipe/Bite_Swipe.entitlements";
				CODE_SIGN_STYLE = Automatic;
				CURRENT_PROJECT_VERSION = 1;
				DEVELOPMENT_ASSET_PATHS = "\"Bite Swipe/Preview Content\"";
				DEVELOPMENT_TEAM = D45A4RM4GX;
				ENABLE_HARDENED_RUNTIME = YES;
				ENABLE_PREVIEWS = YES;
				GENERATE_INFOPLIST_FILE = YES;
				"INFOPLIST_KEY_UIApplicationSceneManifest_Generation[sdk=iphoneos*]" = YES;
				"INFOPLIST_KEY_UIApplicationSceneManifest_Generation[sdk=iphonesimulator*]" = YES;
				"INFOPLIST_KEY_UIApplicationSupportsIndirectInputEvents[sdk=iphoneos*]" = YES;
				"INFOPLIST_KEY_UIApplicationSupportsIndirectInputEvents[sdk=iphonesimulator*]" = YES;
				"INFOPLIST_KEY_UILaunchScreen_Generation[sdk=iphoneos*]" = YES;
				"INFOPLIST_KEY_UILaunchScreen_Generation[sdk=iphonesimulator*]" = YES;
				"INFOPLIST_KEY_UIStatusBarStyle[sdk=iphoneos*]" = UIStatusBarStyleDefault;
				"INFOPLIST_KEY_UIStatusBarStyle[sdk=iphonesimulator*]" = UIStatusBarStyleDefault;
				INFOPLIST_KEY_UISupportedInterfaceOrientations_iPad = "UIInterfaceOrientationPortrait UIInterfaceOrientationPortraitUpsideDown UIInterfaceOrientationLandscapeLeft UIInterfaceOrientationLandscapeRight";
				INFOPLIST_KEY_UISupportedInterfaceOrientations_iPhone = "UIInterfaceOrientationPortrait UIInterfaceOrientationLandscapeLeft UIInterfaceOrientationLandscapeRight";
				IPHONEOS_DEPLOYMENT_TARGET = 17.0;
				LD_RUNPATH_SEARCH_PATHS = "@executable_path/Frameworks";
				"LD_RUNPATH_SEARCH_PATHS[sdk=macosx*]" = "@executable_path/../Frameworks";
				MACOSX_DEPLOYMENT_TARGET = 14.0;
				MARKETING_VERSION = 1.0;
				PRODUCT_BUNDLE_IDENTIFIER = "com.ianrowland.Bite-Swipe";
				PRODUCT_NAME = "$(TARGET_NAME)";
				SDKROOT = auto;
				SUPPORTED_PLATFORMS = "iphoneos iphonesimulator macosx";
				SWIFT_EMIT_LOC_STRINGS = YES;
				SWIFT_VERSION = 5.0;
				TARGETED_DEVICE_FAMILY = "1,2";
			};
			name = Release;
		};
		D761A90B2AEF6DDE00968955 /* Debug */ = {
			isa = XCBuildConfiguration;
			buildSettings = {
				ALWAYS_EMBED_SWIFT_STANDARD_LIBRARIES = YES;
				BUNDLE_LOADER = "$(TEST_HOST)";
				CODE_SIGN_STYLE = Automatic;
				CURRENT_PROJECT_VERSION = 1;
				DEVELOPMENT_TEAM = D45A4RM4GX;
				GENERATE_INFOPLIST_FILE = YES;
				IPHONEOS_DEPLOYMENT_TARGET = 17.0;
				MACOSX_DEPLOYMENT_TARGET = 14.0;
				MARKETING_VERSION = 1.0;
				PRODUCT_BUNDLE_IDENTIFIER = "com.ianrowland.Bite-SwipeTests";
				PRODUCT_NAME = "$(TARGET_NAME)";
				SDKROOT = auto;
				SUPPORTED_PLATFORMS = "iphoneos iphonesimulator macosx";
				SWIFT_EMIT_LOC_STRINGS = NO;
				SWIFT_VERSION = 5.0;
				TARGETED_DEVICE_FAMILY = "1,2";
				TEST_HOST = "$(BUILT_PRODUCTS_DIR)/Bite Swipe.app/$(BUNDLE_EXECUTABLE_FOLDER_PATH)/Bite Swipe";
			};
			name = Debug;
		};
		D761A90C2AEF6DDE00968955 /* Release */ = {
			isa = XCBuildConfiguration;
			buildSettings = {
				ALWAYS_EMBED_SWIFT_STANDARD_LIBRARIES = YES;
				BUNDLE_LOADER = "$(TEST_HOST)";
				CODE_SIGN_STYLE = Automatic;
				CURRENT_PROJECT_VERSION = 1;
				DEVELOPMENT_TEAM = D45A4RM4GX;
				GENERATE_INFOPLIST_FILE = YES;
				IPHONEOS_DEPLOYMENT_TARGET = 17.0;
				MACOSX_DEPLOYMENT_TARGET = 14.0;
				MARKETING_VERSION = 1.0;
				PRODUCT_BUNDLE_IDENTIFIER = "com.ianrowland.Bite-SwipeTests";
				PRODUCT_NAME = "$(TARGET_NAME)";
				SDKROOT = auto;
				SUPPORTED_PLATFORMS = "iphoneos iphonesimulator macosx";
				SWIFT_EMIT_LOC_STRINGS = NO;
				SWIFT_VERSION = 5.0;
				TARGETED_DEVICE_FAMILY = "1,2";
				TEST_HOST = "$(BUILT_PRODUCTS_DIR)/Bite Swipe.app/$(BUNDLE_EXECUTABLE_FOLDER_PATH)/Bite Swipe";
			};
			name = Release;
		};
		D761A90E2AEF6DDE00968955 /* Debug */ = {
			isa = XCBuildConfiguration;
			buildSettings = {
				ALWAYS_EMBED_SWIFT_STANDARD_LIBRARIES = YES;
				CODE_SIGN_STYLE = Automatic;
				CURRENT_PROJECT_VERSION = 1;
				DEVELOPMENT_TEAM = D45A4RM4GX;
				GENERATE_INFOPLIST_FILE = YES;
				IPHONEOS_DEPLOYMENT_TARGET = 17.0;
				MACOSX_DEPLOYMENT_TARGET = 14.0;
				MARKETING_VERSION = 1.0;
				PRODUCT_BUNDLE_IDENTIFIER = "com.ianrowland.Bite-SwipeUITests";
				PRODUCT_NAME = "$(TARGET_NAME)";
				SDKROOT = auto;
				SUPPORTED_PLATFORMS = "iphoneos iphonesimulator macosx";
				SWIFT_EMIT_LOC_STRINGS = NO;
				SWIFT_VERSION = 5.0;
				TARGETED_DEVICE_FAMILY = "1,2";
				TEST_TARGET_NAME = "Bite Swipe";
			};
			name = Debug;
		};
		D761A90F2AEF6DDE00968955 /* Release */ = {
			isa = XCBuildConfiguration;
			buildSettings = {
				ALWAYS_EMBED_SWIFT_STANDARD_LIBRARIES = YES;
				CODE_SIGN_STYLE = Automatic;
				CURRENT_PROJECT_VERSION = 1;
				DEVELOPMENT_TEAM = D45A4RM4GX;
				GENERATE_INFOPLIST_FILE = YES;
				IPHONEOS_DEPLOYMENT_TARGET = 17.0;
				MACOSX_DEPLOYMENT_TARGET = 14.0;
				MARKETING_VERSION = 1.0;
				PRODUCT_BUNDLE_IDENTIFIER = "com.ianrowland.Bite-SwipeUITests";
				PRODUCT_NAME = "$(TARGET_NAME)";
				SDKROOT = auto;
				SUPPORTED_PLATFORMS = "iphoneos iphonesimulator macosx";
				SWIFT_EMIT_LOC_STRINGS = NO;
				SWIFT_VERSION = 5.0;
				TARGETED_DEVICE_FAMILY = "1,2";
				TEST_TARGET_NAME = "Bite Swipe";
			};
			name = Release;
		};
/* End XCBuildConfiguration section */

/* Begin XCConfigurationList section */
		D761A8DD2AEF6DDA00968955 /* Build configuration list for PBXProject "Bite Swipe" */ = {
			isa = XCConfigurationList;
			buildConfigurations = (
				D761A9052AEF6DDE00968955 /* Debug */,
				D761A9062AEF6DDE00968955 /* Release */,
			);
			defaultConfigurationIsVisible = 0;
			defaultConfigurationName = Release;
		};
		D761A9072AEF6DDE00968955 /* Build configuration list for PBXNativeTarget "Bite Swipe" */ = {
			isa = XCConfigurationList;
			buildConfigurations = (
				D761A9082AEF6DDE00968955 /* Debug */,
				D761A9092AEF6DDE00968955 /* Release */,
			);
			defaultConfigurationIsVisible = 0;
			defaultConfigurationName = Release;
		};
		D761A90A2AEF6DDE00968955 /* Build configuration list for PBXNativeTarget "Bite SwipeTests" */ = {
			isa = XCConfigurationList;
			buildConfigurations = (
				D761A90B2AEF6DDE00968955 /* Debug */,
				D761A90C2AEF6DDE00968955 /* Release */,
			);
			defaultConfigurationIsVisible = 0;
			defaultConfigurationName = Release;
		};
		D761A90D2AEF6DDE00968955 /* Build configuration list for PBXNativeTarget "Bite SwipeUITests" */ = {
			isa = XCConfigurationList;
			buildConfigurations = (
				D761A90E2AEF6DDE00968955 /* Debug */,
				D761A90F2AEF6DDE00968955 /* Release */,
			);
			defaultConfigurationIsVisible = 0;
			defaultConfigurationName = Release;
		};
/* End XCConfigurationList section */

/* Begin XCRemoteSwiftPackageReference section */
		D7F7030C2AFB4C3600128EFD /* XCRemoteSwiftPackageReference "url-image" */ = {
			isa = XCRemoteSwiftPackageReference;
			repositoryURL = "https://github.com/dmytro-anokhin/url-image";
			requirement = {
				kind = upToNextMajorVersion;
				minimumVersion = 3.1.1;
			};
		};
/* End XCRemoteSwiftPackageReference section */

/* Begin XCSwiftPackageProductDependency section */
		D7F7030D2AFB4D9700128EFD /* URLImage */ = {
			isa = XCSwiftPackageProductDependency;
			package = D7F7030C2AFB4C3600128EFD /* XCRemoteSwiftPackageReference "url-image" */;
			productName = URLImage;
		};
		D7F7030F2AFB4D9700128EFD /* URLImageStore */ = {
			isa = XCSwiftPackageProductDependency;
			package = D7F7030C2AFB4C3600128EFD /* XCRemoteSwiftPackageReference "url-image" */;
			productName = URLImageStore;
		};
/* End XCSwiftPackageProductDependency section */
	};
	rootObject = D761A8DA2AEF6DDA00968955 /* Project object */;
}
